{
  "version": 1,
  "dependencies": {
    "net9.0": {
      "CSharpFunctionalExtensions": {
        "type": "Transitive",
        "resolved": "3.6.0",
        "contentHash": "c+oWbfDKKjpOLPMxn/iPn1GL24YTJMtOiGfj0AsDKZ2v6/Mr6V7BfzfWLg6KqNRx3KRy3KcQE680SwvDTI/jcg=="
      },
      "expensetracker.domain": {
        "type": "Project",
        "dependencies": {
          "CSharpFunctionalExtensions": "[3.6.0, )"
        }
      }
    }
  }
}