{
  "version": 1,
  "dependencies": {
    "net10.0": {
      "AutoMapper": {
        "type": "Direct",
        "requested": "[14.0.0, )",
        "resolved": "14.0.0",
        "contentHash": "OC+1neAPM4oCCqQj3g2GJ2shziNNhOkxmNB9cVS8jtx4JbgmRzLcUOxB9Tsz6cVPHugdkHgCaCrTjjSI0Z5sCQ==",
        "dependencies": {
          "Microsoft.Extensions.Options": "8.0.0"
        }
      },
      "Confluent.Kafka": {
        "type": "Direct",
        "requested": "[2.12.0, )",
        "resolved": "2.12.0",
        "contentHash": "UAiz9Xogy9Xqo6Y1ogKesH0tzk03ilw5UmwkVMFqZXQvf/1vFyTyVbzed22xS231UP43Z2aib6hzgruErM74lw==",
        "dependencies": {
          "librdkafka.redist": "2.12.0"
        }
      },
      "Confluent.SchemaRegistry.Serdes.Json": {
        "type": "Direct",
        "requested": "[2.12.0, )",
        "resolved": "2.12.0",
        "contentHash": "wLtzj9A176REsIkJhugPoyyGAtjSnrwaKEjPBgRw5iIDEcEaOM2fa6vXZCUT1QnuqS7A8R4S2LrdRxLBQd6+Xw==",
        "dependencies": {
          "Confluent.Kafka": "2.12.0",
          "Confluent.SchemaRegistry": "2.12.0",
          "NJsonSchema.NewtonsoftJson": "11.0.2"
        }
      },
      "Microsoft.Extensions.Options": {
        "type": "Direct",
        "requested": "[10.0.0, )",
        "resolved": "10.0.0",
        "contentHash": "8oCAgXOow5XDrY9HaXX1QmH3ORsyZO/ANVHBlhLyCeWTH5Sg4UuqZeOTWJi6484M+LqSx0RqQXDJtdYy2BNiLQ==",
        "dependencies": {
          "Microsoft.Extensions.DependencyInjection.Abstractions": "10.0.0",
          "Microsoft.Extensions.Primitives": "10.0.0"
        }
      },
      "Confluent.SchemaRegistry": {
        "type": "Transitive",
        "resolved": "2.12.0",
        "contentHash": "i2G4fDNYvnbnHg3PfivE5y7fqDY6HZcGBVymbY3wtdb13wngL0jxDSG7+TYdvDIgt5G/pxIDMaNmUu6Zz7gyeg==",
        "dependencies": {
          "Confluent.Kafka": "2.12.0",
          "Microsoft.Extensions.Caching.Memory": "8.0.1",
          "Newtonsoft.Json": "13.0.1"
        }
      },
      "CSharpFunctionalExtensions": {
        "type": "Transitive",
        "resolved": "3.6.0",
        "contentHash": "c+oWbfDKKjpOLPMxn/iPn1GL24YTJMtOiGfj0AsDKZ2v6/Mr6V7BfzfWLg6KqNRx3KRy3KcQE680SwvDTI/jcg=="
      },
      "librdkafka.redist": {
        "type": "Transitive",
        "resolved": "2.12.0",
        "contentHash": "CZpY6RW/RVWtVUiwHIQCWHeyXHjt1cSlwdxJapx1jlr3z3T1Jwk/RdtEo2FyRL6PvELDO4NhZvaWs6BXdwCVDw=="
      },
      "Microsoft.Extensions.Caching.Abstractions": {
        "type": "Transitive",
        "resolved": "8.0.0",
        "contentHash": "3KuSxeHoNYdxVYfg2IRZCThcrlJ1XJqIXkAWikCsbm5C/bCjv7G0WoKDyuR98Q+T607QT2Zl5GsbGRkENcV2yQ==",
        "dependencies": {
          "Microsoft.Extensions.Primitives": "8.0.0"
        }
      },
      "Microsoft.Extensions.Caching.Memory": {
        "type": "Transitive",
        "resolved": "8.0.1",
        "contentHash": "HFDnhYLccngrzyGgHkjEDU5FMLn4MpOsr5ElgsBMC4yx6lJh4jeWO7fHS8+TXPq+dgxCmUa/Trl8svObmwW4QA==",
        "dependencies": {
          "Microsoft.Extensions.Caching.Abstractions": "8.0.0",
          "Microsoft.Extensions.DependencyInjection.Abstractions": "8.0.2",
          "Microsoft.Extensions.Logging.Abstractions": "8.0.2",
          "Microsoft.Extensions.Options": "8.0.2",
          "Microsoft.Extensions.Primitives": "8.0.0"
        }
      },
      "Microsoft.Extensions.DependencyInjection.Abstractions": {
        "type": "Transitive",
        "resolved": "10.0.0",
        "contentHash": "L3AdmZ1WOK4XXT5YFPEwyt0ep6l8lGIPs7F5OOBZc77Zqeo01Of7XXICy47628sdVl0v/owxYJTe86DTgFwKCA=="
      },
      "Microsoft.Extensions.Logging.Abstractions": {
        "type": "Transitive",
        "resolved": "8.0.2",
        "contentHash": "nroMDjS7hNBPtkZqVBbSiQaQjWRDxITI8Y7XnDs97rqG3EbzVTNLZQf7bIeUJcaHOV8bca47s1Uxq94+2oGdxA==",
        "dependencies": {
          "Microsoft.Extensions.DependencyInjection.Abstractions": "8.0.2"
        }
      },
      "Microsoft.Extensions.Primitives": {
        "type": "Transitive",
        "resolved": "10.0.0",
        "contentHash": "inRnbpCS0nwO/RuoZIAqxQUuyjaknOOnCEZB55KSMMjRhl0RQDttSmLSGsUJN3RQ3ocf5NDLFd2mOQViHqMK5w=="
      },
      "Namotion.Reflection": {
        "type": "Transitive",
        "resolved": "3.1.1",
        "contentHash": "Qn0wM7u9TpSpja2x8UVexr2bLHb1DGMNhD2TCz3woklxaY1oH+Sitrw9fg/4YbNoNtczeH2jf+yPdXMQlgvFlQ=="
      },
      "Newtonsoft.Json": {
        "type": "Transitive",
        "resolved": "13.0.3",
        "contentHash": "HrC5BXdl00IP9zeV+0Z848QWPAoCr9P3bDEZguI+gkLcBKAOxix/tLEAAHC+UvDNPv4a2d18lOReHMOagPa+zQ=="
      },
      "NJsonSchema": {
        "type": "Transitive",
        "resolved": "11.0.2",
        "contentHash": "BOgw+TOd1w7BSRIEWwkiSgHlKWC2eu0DHsSsb1LIwlC1Hq26A0ARZiMjsCsqfXqXdr7hLf1m4M84Z7LW1wmCGA==",
        "dependencies": {
          "NJsonSchema.Annotations": "11.0.2",
          "Namotion.Reflection": "3.1.1",
          "Newtonsoft.Json": "13.0.3"
        }
      },
      "NJsonSchema.Annotations": {
        "type": "Transitive",
        "resolved": "11.0.2",
        "contentHash": "VbA0fmxVyqloGXYz863g6QHyojM1tgejwPQr9LjXdubs9YJt5YfRPCQOV/hnzpP2Bqd7nZFpDn9MCImmLAmqCw=="
      },
      "NJsonSchema.NewtonsoftJson": {
        "type": "Transitive",
        "resolved": "11.0.2",
        "contentHash": "tTVG8h7qfw6anxlhXGx3oUz7f3ig+t9jO3yrho73ypvMZ7DCyFtiaF5gG3GqBDZXM49ONogDmTZ+8HTG6AKaNQ==",
        "dependencies": {
          "NJsonSchema": "11.0.2",
          "Newtonsoft.Json": "13.0.3"
        }
      },
      "expensetracker.domain": {
        "type": "Project",
        "dependencies": {
          "CSharpFunctionalExtensions": "[3.6.0, )"
        }
      }
    }
  }
}