{
  "version": 1,
  "dependencies": {
    "net9.0": {
      "CSharpFunctionalExtensions": {
        "type": "Direct",
        "requested": "[3.5.1, )",
        "resolved": "3.5.1",
        "contentHash": "J9wNzOzRdc4pfO3WREYR19zjp585y7/y9TKQXKkbxxnXt7N6h2Q8AjP0+bayrgRVxpU9COaFMA8961xbptYsUg=="
      }
    }
  }
}